
Microsoft Visual Studio Solution File, Format Version 12.00
# Visual Studio Version 17
VisualStudioVersion = 17.12.35707.178
MinimumVisualStudioVersion = 10.0.40219.1
Project("{FAE04EC0-301F-11D3-BF4B-00C04F79EFBC}") = "AddressBookApp", "AddressBookApp\AddressBookApp.csproj", "{A968BE52-84A1-4FFC-AF6A-B9CA06338EF7}"
EndProject
Project("{FAE04EC0-301F-11D3-BF4B-00C04F79EFBC}") = "Business Layer", "Business Layer\Business Layer.csproj", "{B33E9F7A-C808-4BAB-92DA-30F86A2347A1}"
EndProject
Project("{FAE04EC0-301F-11D3-BF4B-00C04F79EFBC}") = "Repository Layer", "Repository Layer\Repository Layer.csproj", "{22F5D0AD-3966-444C-861F-C0CA3CE62F3D}"
EndProject
Project("{FAE04EC0-301F-11D3-BF4B-00C04F79EFBC}") = "Model Layer", "Model Layer\Model Layer.csproj", "{714B8D63-91EA-48AD-B5C8-C86E5BE14103}"
EndProject
Global
	GlobalSection(SolutionConfigurationPlatforms) = preSolution
		Debug|Any CPU = Debug|Any CPU
		Release|Any CPU = Release|Any CPU
	EndGlobalSection
	GlobalSection(ProjectConfigurationPlatforms) = postSolution
		{A968BE52-84A1-4FFC-AF6A-B9CA06338EF7}.Debug|Any CPU.ActiveCfg = Debug|Any CPU
		{A968BE52-84A1-4FFC-AF6A-B9CA06338EF7}.Debug|Any CPU.Build.0 = Debug|Any CPU
		{A968BE52-84A1-4FFC-AF6A-B9CA06338EF7}.Release|Any CPU.ActiveCfg = Release|Any CPU
		{A968BE52-84A1-4FFC-AF6A-B9CA06338EF7}.Release|Any CPU.Build.0 = Release|Any CPU
		{B33E9F7A-C808-4BAB-92DA-30F86A2347A1}.Debug|Any CPU.ActiveCfg = Debug|Any CPU
		{B33E9F7A-C808-4BAB-92DA-30F86A2347A1}.Debug|Any CPU.Build.0 = Debug|Any CPU
		{B33E9F7A-C808-4BAB-92DA-30F86A2347A1}.Release|Any CPU.ActiveCfg = Release|Any CPU
		{B33E9F7A-C808-4BAB-92DA-30F86A2347A1}.Release|Any CPU.Build.0 = Release|Any CPU
		{22F5D0AD-3966-444C-861F-C0CA3CE62F3D}.Debug|Any CPU.ActiveCfg = Debug|Any CPU
		{22F5D0AD-3966-444C-861F-C0CA3CE62F3D}.Debug|Any CPU.Build.0 = Debug|Any CPU
		{22F5D0AD-3966-444C-861F-C0CA3CE62F3D}.Release|Any CPU.ActiveCfg = Release|Any CPU
		{22F5D0AD-3966-444C-861F-C0CA3CE62F3D}.Release|Any CPU.Build.0 = Release|Any CPU
		{714B8D63-91EA-48AD-B5C8-C86E5BE14103}.Debug|Any CPU.ActiveCfg = Debug|Any CPU
		{714B8D63-91EA-48AD-B5C8-C86E5BE14103}.Debug|Any CPU.Build.0 = Debug|Any CPU
		{714B8D63-91EA-48AD-B5C8-C86E5BE14103}.Release|Any CPU.ActiveCfg = Release|Any CPU
		{714B8D63-91EA-48AD-B5C8-C86E5BE14103}.Release|Any CPU.Build.0 = Release|Any CPU
	EndGlobalSection
	GlobalSection(SolutionProperties) = preSolution
		HideSolutionNode = FALSE
	EndGlobalSection
EndGlobal
